
Microsoft Visual Studio Solution File, Format Version 12.00
# Visual Studio Version 16
VisualStudioVersion = 16.0.30503.244
MinimumVisualStudioVersion = 10.0.40219.1
Project("{2150E333-8FDC-42A3-9474-1A3956D46DE8}") = "Api", "Api", "{BAA5D242-5A60-4119-88D3-6A72251AFC77}"
EndProject
Project("{2150E333-8FDC-42A3-9474-1A3956D46DE8}") = "Domain", "Domain", "{5718840C-40D4-4A4A-A260-DE5004314240}"
EndProject
Project("{2150E333-8FDC-42A3-9474-1A3956D46DE8}") = "Infrastructure", "Infrastructure", "{E872AE92-AD26-42D8-B0F3-6C4972AD611E}"
EndProject
Project("{2150E333-8FDC-42A3-9474-1A3956D46DE8}") = "Services", "Services", "{E778384F-77D1-4E8F-9372-16F6A3DE7C58}"
EndProject
Project("{FAE04EC0-301F-11D3-BF4B-00C04F79EFBC}") = "Iot.Api", "Iot.Api\Iot.Api.csproj", "{11BA87BB-6084-48B0-AFE9-1B5C472F404C}"
EndProject
Project("{FAE04EC0-301F-11D3-BF4B-00C04F79EFBC}") = "Iot.Domain", "Iot.Domain\Iot.Domain.csproj", "{19297570-B3CC-4D74-8E39-BCCBD92520A1}"
EndProject
Project("{2150E333-8FDC-42A3-9474-1A3956D46DE8}") = "Database", "Database", "{C6ED798A-EA55-46FA-B992-D75FAE758153}"
EndProject
Project("{FAE04EC0-301F-11D3-BF4B-00C04F79EFBC}") = "Iot.Database", "Iot.Database\Iot.Database.csproj", "{F4450F56-ED69-4745-BF9F-3AC31CBB709D}"
EndProject
Project("{FAE04EC0-301F-11D3-BF4B-00C04F79EFBC}") = "Iot.Services", "Iot.Services\Iot.Services.csproj", "{9F104159-4BC1-48A4-B894-7009DBB0E4AB}"
EndProject
Project("{FAE04EC0-301F-11D3-BF4B-00C04F79EFBC}") = "Iot.Contracts", "Iot.Contracts\Iot.Contracts.csproj", "{29DF8757-15C5-4E1D-BEAD-F3538A64BE4E}"
EndProject
Project("{2150E333-8FDC-42A3-9474-1A3956D46DE8}") = "Dto", "Dto", "{53361F9D-CB1B-4A88-8C36-FED4E2B5C3E5}"
EndProject
Project("{FAE04EC0-301F-11D3-BF4B-00C04F79EFBC}") = "Iot.Dto", "Iot.Dto\Iot.Dto.csproj", "{DE78EA37-22D8-4979-B4C0-9613D0CEA464}"
EndProject
Project("{FAE04EC0-301F-11D3-BF4B-00C04F79EFBC}") = "Iot.Infrastructure", "Iot.Infrastructure\Iot.Infrastructure.csproj", "{07C00DDC-D7B0-43D3-AFEF-BDC8469F9F48}"
EndProject
Global
	GlobalSection(SolutionConfigurationPlatforms) = preSolution
		Debug|Any CPU = Debug|Any CPU
		Release|Any CPU = Release|Any CPU
	EndGlobalSection
	GlobalSection(ProjectConfigurationPlatforms) = postSolution
		{11BA87BB-6084-48B0-AFE9-1B5C472F404C}.Debug|Any CPU.ActiveCfg = Debug|Any CPU
		{11BA87BB-6084-48B0-AFE9-1B5C472F404C}.Debug|Any CPU.Build.0 = Debug|Any CPU
		{11BA87BB-6084-48B0-AFE9-1B5C472F404C}.Release|Any CPU.ActiveCfg = Release|Any CPU
		{11BA87BB-6084-48B0-AFE9-1B5C472F404C}.Release|Any CPU.Build.0 = Release|Any CPU
		{19297570-B3CC-4D74-8E39-BCCBD92520A1}.Debug|Any CPU.ActiveCfg = Debug|Any CPU
		{19297570-B3CC-4D74-8E39-BCCBD92520A1}.Debug|Any CPU.Build.0 = Debug|Any CPU
		{19297570-B3CC-4D74-8E39-BCCBD92520A1}.Release|Any CPU.ActiveCfg = Release|Any CPU
		{19297570-B3CC-4D74-8E39-BCCBD92520A1}.Release|Any CPU.Build.0 = Release|Any CPU
		{F4450F56-ED69-4745-BF9F-3AC31CBB709D}.Debug|Any CPU.ActiveCfg = Debug|Any CPU
		{F4450F56-ED69-4745-BF9F-3AC31CBB709D}.Debug|Any CPU.Build.0 = Debug|Any CPU
		{F4450F56-ED69-4745-BF9F-3AC31CBB709D}.Release|Any CPU.ActiveCfg = Release|Any CPU
		{F4450F56-ED69-4745-BF9F-3AC31CBB709D}.Release|Any CPU.Build.0 = Release|Any CPU
		{9F104159-4BC1-48A4-B894-7009DBB0E4AB}.Debug|Any CPU.ActiveCfg = Debug|Any CPU
		{9F104159-4BC1-48A4-B894-7009DBB0E4AB}.Debug|Any CPU.Build.0 = Debug|Any CPU
		{9F104159-4BC1-48A4-B894-7009DBB0E4AB}.Release|Any CPU.ActiveCfg = Release|Any CPU
		{9F104159-4BC1-48A4-B894-7009DBB0E4AB}.Release|Any CPU.Build.0 = Release|Any CPU
		{29DF8757-15C5-4E1D-BEAD-F3538A64BE4E}.Debug|Any CPU.ActiveCfg = Debug|Any CPU
		{29DF8757-15C5-4E1D-BEAD-F3538A64BE4E}.Debug|Any CPU.Build.0 = Debug|Any CPU
		{29DF8757-15C5-4E1D-BEAD-F3538A64BE4E}.Release|Any CPU.ActiveCfg = Release|Any CPU
		{29DF8757-15C5-4E1D-BEAD-F3538A64BE4E}.Release|Any CPU.Build.0 = Release|Any CPU
		{DE78EA37-22D8-4979-B4C0-9613D0CEA464}.Debug|Any CPU.ActiveCfg = Debug|Any CPU
		{DE78EA37-22D8-4979-B4C0-9613D0CEA464}.Debug|Any CPU.Build.0 = Debug|Any CPU
		{DE78EA37-22D8-4979-B4C0-9613D0CEA464}.Release|Any CPU.ActiveCfg = Release|Any CPU
		{DE78EA37-22D8-4979-B4C0-9613D0CEA464}.Release|Any CPU.Build.0 = Release|Any CPU
		{07C00DDC-D7B0-43D3-AFEF-BDC8469F9F48}.Debug|Any CPU.ActiveCfg = Debug|Any CPU
		{07C00DDC-D7B0-43D3-AFEF-BDC8469F9F48}.Debug|Any CPU.Build.0 = Debug|Any CPU
		{07C00DDC-D7B0-43D3-AFEF-BDC8469F9F48}.Release|Any CPU.ActiveCfg = Release|Any CPU
		{07C00DDC-D7B0-43D3-AFEF-BDC8469F9F48}.Release|Any CPU.Build.0 = Release|Any CPU
	EndGlobalSection
	GlobalSection(SolutionProperties) = preSolution
		HideSolutionNode = FALSE
	EndGlobalSection
	GlobalSection(NestedProjects) = preSolution
		{11BA87BB-6084-48B0-AFE9-1B5C472F404C} = {BAA5D242-5A60-4119-88D3-6A72251AFC77}
		{19297570-B3CC-4D74-8E39-BCCBD92520A1} = {5718840C-40D4-4A4A-A260-DE5004314240}
		{F4450F56-ED69-4745-BF9F-3AC31CBB709D} = {C6ED798A-EA55-46FA-B992-D75FAE758153}
		{9F104159-4BC1-48A4-B894-7009DBB0E4AB} = {E778384F-77D1-4E8F-9372-16F6A3DE7C58}
		{29DF8757-15C5-4E1D-BEAD-F3538A64BE4E} = {E778384F-77D1-4E8F-9372-16F6A3DE7C58}
		{DE78EA37-22D8-4979-B4C0-9613D0CEA464} = {53361F9D-CB1B-4A88-8C36-FED4E2B5C3E5}
		{07C00DDC-D7B0-43D3-AFEF-BDC8469F9F48} = {E872AE92-AD26-42D8-B0F3-6C4972AD611E}
	EndGlobalSection
	GlobalSection(ExtensibilityGlobals) = postSolution
		SolutionGuid = {CBD32451-B115-47C9-87C8-8B73B4D9F527}
	EndGlobalSection
EndGlobal
